// !$*UTF8*$!
{
	archiveVersion = 1;
	classes = {
	};
	objectVersion = 56;
	objects = {

/* Begin PBXBuildFile section */
		479FCE442B439E020012C3EB /* AppDelegate.m in Sources */ = {isa = PBXBuildFile; fileRef = 479FCE432B439E020012C3EB /* AppDelegate.m */; };
		479FCE4A2B439E030012C3EB /* ViewController.m in Sources */ = {isa = PBXBuildFile; fileRef = 479FCE492B439E030012C3EB /* ViewController.m */; };
		479FCE4D2B439E030012C3EB /* Main.storyboard in Resources */ = {isa = PBXBuildFile; fileRef = 479FCE4B2B439E030012C3EB /* Main.storyboard */; };
		479FCE4F2B439E060012C3EB /* Assets.xcassets in Resources */ = {isa = PBXBuildFile; fileRef = 479FCE4E2B439E060012C3EB /* Assets.xcassets */; };
		479FCE522B439E060012C3EB /* LaunchScreen.storyboard in Resources */ = {isa = PBXBuildFile; fileRef = 479FCE502B439E060012C3EB /* LaunchScreen.storyboard */; };
		479FCE552B439E060012C3EB /* main.m in Sources */ = {isa = PBXBuildFile; fileRef = 479FCE542B439E060012C3EB /* main.m */; };
		479FCE5F2B439E060012C3EB /* RXSDKDemo_PublicTests.m in Sources */ = {isa = PBXBuildFile; fileRef = 479FCE5E2B439E060012C3EB /* RXSDKDemo_PublicTests.m */; };
		479FCE692B439E060012C3EB /* RXSDKDemo_PublicUITests.m in Sources */ = {isa = PBXBuildFile; fileRef = 479FCE682B439E060012C3EB /* RXSDKDemo_PublicUITests.m */; };
		479FCE6B2B439E060012C3EB /* RXSDKDemo_PublicUITestsLaunchTests.m in Sources */ = {isa = PBXBuildFile; fileRef = 479FCE6A2B439E060012C3EB /* RXSDKDemo_PublicUITestsLaunchTests.m */; };
		47E573DE2B730AAA001BD9F6 /* Icon-iPhone-Settings-58.png in Resources */ = {isa = PBXBuildFile; fileRef = 47E573CB2B730AAA001BD9F6 /* Icon-iPhone-Settings-58.png */; };
		47E573DF2B730AAA001BD9F6 /* Icon-iPad-Notification-20.png in Resources */ = {isa = PBXBuildFile; fileRef = 47E573CC2B730AAA001BD9F6 /* Icon-iPad-Notification-20.png */; };
		47E573E02B730AAA001BD9F6 /* Icon-iPad-Settings-29.png in Resources */ = {isa = PBXBuildFile; fileRef = 47E573CD2B730AAA001BD9F6 /* Icon-iPad-Settings-29.png */; };
		47E573E12B730AAA001BD9F6 /* Icon-iPad-152.png in Resources */ = {isa = PBXBuildFile; fileRef = 47E573CE2B730AAA001BD9F6 /* Icon-iPad-152.png */; };
		47E573E22B730AAA001BD9F6 /* Icon-iPad-Spotlight-40.png in Resources */ = {isa = PBXBuildFile; fileRef = 47E573CF2B730AAA001BD9F6 /* Icon-iPad-Spotlight-40.png */; };
		47E573E32B730AAA001BD9F6 /* Icon-iPad-Settings-58.png in Resources */ = {isa = PBXBuildFile; fileRef = 47E573D02B730AAA001BD9F6 /* Icon-iPad-Settings-58.png */; };
		47E573E42B730AAA001BD9F6 /* Icon-iPad-Notification-40.png in Resources */ = {isa = PBXBuildFile; fileRef = 47E573D12B730AAA001BD9F6 /* Icon-iPad-Notification-40.png */; };
		47E573E52B730AAA001BD9F6 /* Icon-iPad-Spotlight-80.png in Resources */ = {isa = PBXBuildFile; fileRef = 47E573D22B730AAA001BD9F6 /* Icon-iPad-Spotlight-80.png */; };
		47E573E62B730AAA001BD9F6 /* Icon-iPhone-Notification-40.png in Resources */ = {isa = PBXBuildFile; fileRef = 47E573D32B730AAA001BD9F6 /* Icon-iPhone-Notification-40.png */; };
		47E573E72B730AAA001BD9F6 /* Icon-iPhone-Settings-29.png in Resources */ = {isa = PBXBuildFile; fileRef = 47E573D42B730AAA001BD9F6 /* Icon-iPhone-Settings-29.png */; };
		47E573E82B730AAA001BD9F6 /* Icon-iPhone-Spotlight-120.png in Resources */ = {isa = PBXBuildFile; fileRef = 47E573D52B730AAA001BD9F6 /* Icon-iPhone-Spotlight-120.png */; };
		47E573E92B730AAA001BD9F6 /* Icon-iPhone-Spotlight-80.png in Resources */ = {isa = PBXBuildFile; fileRef = 47E573D62B730AAA001BD9F6 /* Icon-iPhone-Spotlight-80.png */; };
		47E573EA2B730AAA001BD9F6 /* Icon-iPad-76.png in Resources */ = {isa = PBXBuildFile; fileRef = 47E573D72B730AAA001BD9F6 /* Icon-iPad-76.png */; };
		47E573EB2B730AAA001BD9F6 /* Icon-iPhone1-180.png in Resources */ = {isa = PBXBuildFile; fileRef = 47E573D82B730AAA001BD9F6 /* Icon-iPhone1-180.png */; };
		47E573EC2B730AAA001BD9F6 /* Icon-iPhone-Notification-60.png in Resources */ = {isa = PBXBuildFile; fileRef = 47E573D92B730AAA001BD9F6 /* Icon-iPhone-Notification-60.png */; };
		47E573ED2B730AAA001BD9F6 /* Icon-iPhone-Settings-87.png in Resources */ = {isa = PBXBuildFile; fileRef = 47E573DA2B730AAA001BD9F6 /* Icon-iPhone-Settings-87.png */; };
		47E573EE2B730AAA001BD9F6 /* Icon-Store-1024.png in Resources */ = {isa = PBXBuildFile; fileRef = 47E573DB2B730AAA001BD9F6 /* Icon-Store-1024.png */; };
		47E573EF2B730AAA001BD9F6 /* Icon-iPhone1-120.png in Resources */ = {isa = PBXBuildFile; fileRef = 47E573DC2B730AAA001BD9F6 /* Icon-iPhone1-120.png */; };
		47E573F02B730AAA001BD9F6 /* Icon-iPad-167.png in Resources */ = {isa = PBXBuildFile; fileRef = 47E573DD2B730AAA001BD9F6 /* Icon-iPad-167.png */; };
		47E573F32B730C8E001BD9F6 /* Icon-iPhone2-180.png in Resources */ = {isa = PBXBuildFile; fileRef = 47E573F12B730C8E001BD9F6 /* Icon-iPhone2-180.png */; };
		47E573F42B730C8E001BD9F6 /* Icon-iPhone2-120.png in Resources */ = {isa = PBXBuildFile; fileRef = 47E573F22B730C8E001BD9F6 /* Icon-iPhone2-120.png */; };
		47EB683A2B43E4E000A8B313 /* Tool.m in Sources */ = {isa = PBXBuildFile; fileRef = 47EB68392B43E4DF00A8B313 /* Tool.m */; };
		47EB683D2B43EF4600A8B313 /* UIView+Shade.m in Sources */ = {isa = PBXBuildFile; fileRef = 47EB683C2B43EF4600A8B313 /* UIView+Shade.m */; };
		47EB68422B43F21B00A8B313 /* UIColor+ColorUtility.m in Sources */ = {isa = PBXBuildFile; fileRef = 47EB68412B43F21B00A8B313 /* UIColor+ColorUtility.m */; };
		47EB684A2B4419A900A8B313 /* CHSettingViewController.m in Sources */ = {isa = PBXBuildFile; fileRef = 47EB68482B4419A900A8B313 /* CHSettingViewController.m */; };
		47EB684D2B441A4000A8B313 /* CHUtility.m in Sources */ = {isa = PBXBuildFile; fileRef = 47EB684C2B441A4000A8B313 /* CHUtility.m */; };
		47EB68502B441BA800A8B313 /* NAVC.m in Sources */ = {isa = PBXBuildFile; fileRef = 47EB684E2B441BA800A8B313 /* NAVC.m */; };
		47EB68532B441F4E00A8B313 /* SceneDelegate.m in Sources */ = {isa = PBXBuildFile; fileRef = 47EB68512B441F4D00A8B313 /* SceneDelegate.m */; };
		47EB68562B44281300A8B313 /* CHSelectLanguageView.m in Sources */ = {isa = PBXBuildFile; fileRef = 47EB68552B44281300A8B313 /* CHSelectLanguageView.m */; };
		47EB68592B44295800A8B313 /* CHSelectBtn.m in Sources */ = {isa = PBXBuildFile; fileRef = 47EB68582B44295800A8B313 /* CHSelectBtn.m */; };
		47FDFA612B44EE2C0024711B /* CHSettingSelectBtn.m in Sources */ = {isa = PBXBuildFile; fileRef = 47FDFA602B44EE2C0024711B /* CHSettingSelectBtn.m */; };
		47FDFA652B44EF520024711B /* CHSettingCellModel.m in Sources */ = {isa = PBXBuildFile; fileRef = 47FDFA642B44EF520024711B /* CHSettingCellModel.m */; };
		47FDFA682B44F4330024711B /* CHSettingConfigView.m in Sources */ = {isa = PBXBuildFile; fileRef = 47FDFA672B44F4330024711B /* CHSettingConfigView.m */; };
		47FDFA922B45259D0024711B /* CHSettingLoginView.m in Sources */ = {isa = PBXBuildFile; fileRef = 47FDFA912B45259D0024711B /* CHSettingLoginView.m */; };
		47FDFA952B4542A00024711B /* CHSelectLoginBtn.m in Sources */ = {isa = PBXBuildFile; fileRef = 47FDFA942B4542A00024711B /* CHSelectLoginBtn.m */; };
		47FDFA982B4543F80024711B /* CHLoginViewController.m in Sources */ = {isa = PBXBuildFile; fileRef = 47FDFA972B4543F80024711B /* CHLoginViewController.m */; };
		47FDFA9C2B455D000024711B /* CHHallViewController.m in Sources */ = {isa = PBXBuildFile; fileRef = 47FDFA9B2B455D000024711B /* CHHallViewController.m */; };
		C2619CB1E077387B56646CFC /* Pods_RXSDKDemo_Public.framework in Frameworks */ = {isa = PBXBuildFile; fileRef = 865C448F589F8CA31E3B6CE7 /* Pods_RXSDKDemo_Public.framework */; };
		D0283DDD2C2BB02B00C351CE /* RXSelectPayViewController.m in Sources */ = {isa = PBXBuildFile; fileRef = D0283DDC2C2BB02B00C351CE /* RXSelectPayViewController.m */; };
		D0283DE02C2BBBA100C351CE /* RXPayPlatformViewController.m in Sources */ = {isa = PBXBuildFile; fileRef = D0283DDF2C2BBBA100C351CE /* RXPayPlatformViewController.m */; };
		D0283DEB2C2D58E300C351CE /* RXLoginViewController.m in Sources */ = {isa = PBXBuildFile; fileRef = D0283DEA2C2D58E300C351CE /* RXLoginViewController.m */; };
		D085EE0F2C5A2A4600A4512F /* RXOpenUrlViewController.m in Sources */ = {isa = PBXBuildFile; fileRef = D085EE0D2C5A2A4600A4512F /* RXOpenUrlViewController.m */; };
		D0E40C722BF60F070050035E /* RXPayViewController.m in Sources */ = {isa = PBXBuildFile; fileRef = D0E40C712BF60F070050035E /* RXPayViewController.m */; };
		D0E40C752BF60F180050035E /* RXShareViewController.m in Sources */ = {isa = PBXBuildFile; fileRef = D0E40C742BF60F180050035E /* RXShareViewController.m */; };
		D0E40C782BFC403A0050035E /* RXLoginViewCell.m in Sources */ = {isa = PBXBuildFile; fileRef = D0E40C772BFC403A0050035E /* RXLoginViewCell.m */; };
		D0F5F11B2C2515280022F9BB /* RXCPIDViewController.m in Sources */ = {isa = PBXBuildFile; fileRef = D0F5F11A2C2515280022F9BB /* RXCPIDViewController.m */; };
		D0F5F11E2C2520300022F9BB /* RXProductIdViewController.m in Sources */ = {isa = PBXBuildFile; fileRef = D0F5F11D2C2520300022F9BB /* RXProductIdViewController.m */; };
		D0F5F1212C2520440022F9BB /* RXChannelIdViewController.m in Sources */ = {isa = PBXBuildFile; fileRef = D0F5F1202C2520440022F9BB /* RXChannelIdViewController.m */; };
		D0F5F1412C2946770022F9BB /* RXSelectShareViewController.m in Sources */ = {isa = PBXBuildFile; fileRef = D0F5F1402C2946770022F9BB /* RXSelectShareViewController.m */; };
		D0F5F1442C2947680022F9BB /* RXSharePlatformViewController.m in Sources */ = {isa = PBXBuildFile; fileRef = D0F5F1432C2947680022F9BB /* RXSharePlatformViewController.m */; };
		D0F5F1472C295D6A0022F9BB /* RXSharePointViewController.m in Sources */ = {isa = PBXBuildFile; fileRef = D0F5F1462C295D6A0022F9BB /* RXSharePointViewController.m */; };
		D0F5F14A2C295FFA0022F9BB /* RXBillingPointViewController.m in Sources */ = {isa = PBXBuildFile; fileRef = D0F5F1492C295FFA0022F9BB /* RXBillingPointViewController.m */; };
/* End PBXBuildFile section */

/* Begin PBXContainerItemProxy section */
		479FCE5B2B439E060012C3EB /* PBXContainerItemProxy */ = {
			isa = PBXContainerItemProxy;
			containerPortal = 479FCE372B439E020012C3EB /* Project object */;
			proxyType = 1;
			remoteGlobalIDString = 479FCE3E2B439E020012C3EB;
			remoteInfo = "RXSDKDemo-Public";
		};
		479FCE652B439E060012C3EB /* PBXContainerItemProxy */ = {
			isa = PBXContainerItemProxy;
			containerPortal = 479FCE372B439E020012C3EB /* Project object */;
			proxyType = 1;
			remoteGlobalIDString = 479FCE3E2B439E020012C3EB;
			remoteInfo = "RXSDKDemo-Public";
		};
/* End PBXContainerItemProxy section */

/* Begin PBXCopyFilesBuildPhase section */
		D05537F52C2153D000F58B6A /* Embed Foundation Extensions */ = {
			isa = PBXCopyFilesBuildPhase;
			buildActionMask = 2147483647;
			dstPath = "";
			dstSubfolderSpec = 13;
			files = (
			);
			name = "Embed Foundation Extensions";
			runOnlyForDeploymentPostprocessing = 0;
		};
		D085EE072C59F51200A4512F /* Embed Frameworks */ = {
			isa = PBXCopyFilesBuildPhase;
			buildActionMask = 2147483647;
			dstPath = "";
			dstSubfolderSpec = 10;
			files = (
			);
			name = "Embed Frameworks";
			runOnlyForDeploymentPostprocessing = 0;
		};
/* End PBXCopyFilesBuildPhase section */

/* Begin PBXFileReference section */
		479FCE3F2B439E020012C3EB /* RXSDKDemo-Public.app */ = {isa = PBXFileReference; explicitFileType = wrapper.application; includeInIndex = 0; path = "RXSDKDemo-Public.app"; sourceTree = BUILT_PRODUCTS_DIR; };
		479FCE422B439E020012C3EB /* AppDelegate.h */ = {isa = PBXFileReference; lastKnownFileType = sourcecode.c.h; path = AppDelegate.h; sourceTree = "<group>"; };
		479FCE432B439E020012C3EB /* AppDelegate.m */ = {isa = PBXFileReference; lastKnownFileType = sourcecode.c.objc; path = AppDelegate.m; sourceTree = "<group>"; };
		479FCE482B439E030012C3EB /* ViewController.h */ = {isa = PBXFileReference; lastKnownFileType = sourcecode.c.h; path = ViewController.h; sourceTree = "<group>"; };
		479FCE492B439E030012C3EB /* ViewController.m */ = {isa = PBXFileReference; lastKnownFileType = sourcecode.c.objc; path = ViewController.m; sourceTree = "<group>"; };
		479FCE4C2B439E030012C3EB /* Base */ = {isa = PBXFileReference; lastKnownFileType = file.storyboard; name = Base; path = Base.lproj/Main.storyboard; sourceTree = "<group>"; };
		479FCE4E2B439E060012C3EB /* Assets.xcassets */ = {isa = PBXFileReference; lastKnownFileType = folder.assetcatalog; path = Assets.xcassets; sourceTree = "<group>"; };
		479FCE512B439E060012C3EB /* Base */ = {isa = PBXFileReference; lastKnownFileType = file.storyboard; name = Base; path = Base.lproj/LaunchScreen.storyboard; sourceTree = "<group>"; };
		479FCE532B439E060012C3EB /* Info.plist */ = {isa = PBXFileReference; lastKnownFileType = text.plist.xml; path = Info.plist; sourceTree = "<group>"; };
		479FCE542B439E060012C3EB /* main.m */ = {isa = PBXFileReference; lastKnownFileType = sourcecode.c.objc; path = main.m; sourceTree = "<group>"; };
		479FCE5A2B439E060012C3EB /* RXSDKDemo-PublicTests.xctest */ = {isa = PBXFileReference; explicitFileType = wrapper.cfbundle; includeInIndex = 0; path = "RXSDKDemo-PublicTests.xctest"; sourceTree = BUILT_PRODUCTS_DIR; };
		479FCE5E2B439E060012C3EB /* RXSDKDemo_PublicTests.m */ = {isa = PBXFileReference; lastKnownFileType = sourcecode.c.objc; path = RXSDKDemo_PublicTests.m; sourceTree = "<group>"; };
		479FCE642B439E060012C3EB /* RXSDKDemo-PublicUITests.xctest */ = {isa = PBXFileReference; explicitFileType = wrapper.cfbundle; includeInIndex = 0; path = "RXSDKDemo-PublicUITests.xctest"; sourceTree = BUILT_PRODUCTS_DIR; };
		479FCE682B439E060012C3EB /* RXSDKDemo_PublicUITests.m */ = {isa = PBXFileReference; lastKnownFileType = sourcecode.c.objc; path = RXSDKDemo_PublicUITests.m; sourceTree = "<group>"; };
		479FCE6A2B439E060012C3EB /* RXSDKDemo_PublicUITestsLaunchTests.m */ = {isa = PBXFileReference; lastKnownFileType = sourcecode.c.objc; path = RXSDKDemo_PublicUITestsLaunchTests.m; sourceTree = "<group>"; };
		47E573CB2B730AAA001BD9F6 /* Icon-iPhone-Settings-58.png */ = {isa = PBXFileReference; lastKnownFileType = image.png; path = "Icon-iPhone-Settings-58.png"; sourceTree = "<group>"; };
		47E573CC2B730AAA001BD9F6 /* Icon-iPad-Notification-20.png */ = {isa = PBXFileReference; lastKnownFileType = image.png; path = "Icon-iPad-Notification-20.png"; sourceTree = "<group>"; };
		47E573CD2B730AAA001BD9F6 /* Icon-iPad-Settings-29.png */ = {isa = PBXFileReference; lastKnownFileType = image.png; path = "Icon-iPad-Settings-29.png"; sourceTree = "<group>"; };
		47E573CE2B730AAA001BD9F6 /* Icon-iPad-152.png */ = {isa = PBXFileReference; lastKnownFileType = image.png; path = "Icon-iPad-152.png"; sourceTree = "<group>"; };
		47E573CF2B730AAA001BD9F6 /* Icon-iPad-Spotlight-40.png */ = {isa = PBXFileReference; lastKnownFileType = image.png; path = "Icon-iPad-Spotlight-40.png"; sourceTree = "<group>"; };
		47E573D02B730AAA001BD9F6 /* Icon-iPad-Settings-58.png */ = {isa = PBXFileReference; lastKnownFileType = image.png; path = "Icon-iPad-Settings-58.png"; sourceTree = "<group>"; };
		47E573D12B730AAA001BD9F6 /* Icon-iPad-Notification-40.png */ = {isa = PBXFileReference; lastKnownFileType = image.png; path = "Icon-iPad-Notification-40.png"; sourceTree = "<group>"; };
		47E573D22B730AAA001BD9F6 /* Icon-iPad-Spotlight-80.png */ = {isa = PBXFileReference; lastKnownFileType = image.png; path = "Icon-iPad-Spotlight-80.png"; sourceTree = "<group>"; };
		47E573D32B730AAA001BD9F6 /* Icon-iPhone-Notification-40.png */ = {isa = PBXFileReference; lastKnownFileType = image.png; path = "Icon-iPhone-Notification-40.png"; sourceTree = "<group>"; };
		47E573D42B730AAA001BD9F6 /* Icon-iPhone-Settings-29.png */ = {isa = PBXFileReference; lastKnownFileType = image.png; path = "Icon-iPhone-Settings-29.png"; sourceTree = "<group>"; };
		47E573D52B730AAA001BD9F6 /* Icon-iPhone-Spotlight-120.png */ = {isa = PBXFileReference; lastKnownFileType = image.png; path = "Icon-iPhone-Spotlight-120.png"; sourceTree = "<group>"; };
		47E573D62B730AAA001BD9F6 /* Icon-iPhone-Spotlight-80.png */ = {isa = PBXFileReference; lastKnownFileType = image.png; path = "Icon-iPhone-Spotlight-80.png"; sourceTree = "<group>"; };
		47E573D72B730AAA001BD9F6 /* Icon-iPad-76.png */ = {isa = PBXFileReference; lastKnownFileType = image.png; path = "Icon-iPad-76.png"; sourceTree = "<group>"; };
		47E573D82B730AAA001BD9F6 /* Icon-iPhone1-180.png */ = {isa = PBXFileReference; lastKnownFileType = image.png; path = "Icon-iPhone1-180.png"; sourceTree = "<group>"; };
		47E573D92B730AAA001BD9F6 /* Icon-iPhone-Notification-60.png */ = {isa = PBXFileReference; lastKnownFileType = image.png; path = "Icon-iPhone-Notification-60.png"; sourceTree = "<group>"; };
		47E573DA2B730AAA001BD9F6 /* Icon-iPhone-Settings-87.png */ = {isa = PBXFileReference; lastKnownFileType = image.png; path = "Icon-iPhone-Settings-87.png"; sourceTree = "<group>"; };
		47E573DB2B730AAA001BD9F6 /* Icon-Store-1024.png */ = {isa = PBXFileReference; lastKnownFileType = image.png; path = "Icon-Store-1024.png"; sourceTree = "<group>"; };
		47E573DC2B730AAA001BD9F6 /* Icon-iPhone1-120.png */ = {isa = PBXFileReference; lastKnownFileType = image.png; path = "Icon-iPhone1-120.png"; sourceTree = "<group>"; };
		47E573DD2B730AAA001BD9F6 /* Icon-iPad-167.png */ = {isa = PBXFileReference; lastKnownFileType = image.png; path = "Icon-iPad-167.png"; sourceTree = "<group>"; };
		47E573F12B730C8E001BD9F6 /* Icon-iPhone2-180.png */ = {isa = PBXFileReference; lastKnownFileType = image.png; path = "Icon-iPhone2-180.png"; sourceTree = "<group>"; };
		47E573F22B730C8E001BD9F6 /* Icon-iPhone2-120.png */ = {isa = PBXFileReference; lastKnownFileType = image.png; path = "Icon-iPhone2-120.png"; sourceTree = "<group>"; };
		47EB68382B43E4DF00A8B313 /* Tool.h */ = {isa = PBXFileReference; fileEncoding = 4; lastKnownFileType = sourcecode.c.h; path = Tool.h; sourceTree = "<group>"; };
		47EB68392B43E4DF00A8B313 /* Tool.m */ = {isa = PBXFileReference; fileEncoding = 4; lastKnownFileType = sourcecode.c.objc; path = Tool.m; sourceTree = "<group>"; };
		47EB683B2B43EF4600A8B313 /* UIView+Shade.h */ = {isa = PBXFileReference; fileEncoding = 4; lastKnownFileType = sourcecode.c.h; path = "UIView+Shade.h"; sourceTree = "<group>"; };
		47EB683C2B43EF4600A8B313 /* UIView+Shade.m */ = {isa = PBXFileReference; fileEncoding = 4; lastKnownFileType = sourcecode.c.objc; path = "UIView+Shade.m"; sourceTree = "<group>"; };
		47EB683E2B43F07800A8B313 /* CHPrefixHeader.pch */ = {isa = PBXFileReference; lastKnownFileType = sourcecode.c.h; path = CHPrefixHeader.pch; sourceTree = "<group>"; };
		47EB683F2B43F0B500A8B313 /* CHMarco.h */ = {isa = PBXFileReference; lastKnownFileType = sourcecode.c.h; path = CHMarco.h; sourceTree = "<group>"; };
		47EB68402B43F21B00A8B313 /* UIColor+ColorUtility.h */ = {isa = PBXFileReference; fileEncoding = 4; lastKnownFileType = sourcecode.c.h; path = "UIColor+ColorUtility.h"; sourceTree = "<group>"; };
		47EB68412B43F21B00A8B313 /* UIColor+ColorUtility.m */ = {isa = PBXFileReference; fileEncoding = 4; lastKnownFileType = sourcecode.c.objc; path = "UIColor+ColorUtility.m"; sourceTree = "<group>"; };
		47EB68472B4419A900A8B313 /* CHSettingViewController.h */ = {isa = PBXFileReference; fileEncoding = 4; lastKnownFileType = sourcecode.c.h; path = CHSettingViewController.h; sourceTree = "<group>"; };
		47EB68482B4419A900A8B313 /* CHSettingViewController.m */ = {isa = PBXFileReference; fileEncoding = 4; lastKnownFileType = sourcecode.c.objc; path = CHSettingViewController.m; sourceTree = "<group>"; };
		47EB684B2B441A4000A8B313 /* CHUtility.h */ = {isa = PBXFileReference; lastKnownFileType = sourcecode.c.h; path = CHUtility.h; sourceTree = "<group>"; };
		47EB684C2B441A4000A8B313 /* CHUtility.m */ = {isa = PBXFileReference; lastKnownFileType = sourcecode.c.objc; path = CHUtility.m; sourceTree = "<group>"; };
		47EB684E2B441BA800A8B313 /* NAVC.m */ = {isa = PBXFileReference; fileEncoding = 4; lastKnownFileType = sourcecode.c.objc; path = NAVC.m; sourceTree = "<group>"; };
		47EB684F2B441BA800A8B313 /* NAVC.h */ = {isa = PBXFileReference; fileEncoding = 4; lastKnownFileType = sourcecode.c.h; path = NAVC.h; sourceTree = "<group>"; };
		47EB68512B441F4D00A8B313 /* SceneDelegate.m */ = {isa = PBXFileReference; fileEncoding = 4; lastKnownFileType = sourcecode.c.objc; path = SceneDelegate.m; sourceTree = "<group>"; };
		47EB68522B441F4E00A8B313 /* SceneDelegate.h */ = {isa = PBXFileReference; fileEncoding = 4; lastKnownFileType = sourcecode.c.h; path = SceneDelegate.h; sourceTree = "<group>"; };
		47EB68542B44281300A8B313 /* CHSelectLanguageView.h */ = {isa = PBXFileReference; lastKnownFileType = sourcecode.c.h; path = CHSelectLanguageView.h; sourceTree = "<group>"; };
		47EB68552B44281300A8B313 /* CHSelectLanguageView.m */ = {isa = PBXFileReference; lastKnownFileType = sourcecode.c.objc; path = CHSelectLanguageView.m; sourceTree = "<group>"; };
		47EB68572B44295800A8B313 /* CHSelectBtn.h */ = {isa = PBXFileReference; lastKnownFileType = sourcecode.c.h; path = CHSelectBtn.h; sourceTree = "<group>"; };
		47EB68582B44295800A8B313 /* CHSelectBtn.m */ = {isa = PBXFileReference; lastKnownFileType = sourcecode.c.objc; path = CHSelectBtn.m; sourceTree = "<group>"; };
		47FDFA5F2B44EE2C0024711B /* CHSettingSelectBtn.h */ = {isa = PBXFileReference; lastKnownFileType = sourcecode.c.h; path = CHSettingSelectBtn.h; sourceTree = "<group>"; };
		47FDFA602B44EE2C0024711B /* CHSettingSelectBtn.m */ = {isa = PBXFileReference; lastKnownFileType = sourcecode.c.objc; path = CHSettingSelectBtn.m; sourceTree = "<group>"; };
		47FDFA632B44EF520024711B /* CHSettingCellModel.h */ = {isa = PBXFileReference; lastKnownFileType = sourcecode.c.h; path = CHSettingCellModel.h; sourceTree = "<group>"; };
		47FDFA642B44EF520024711B /* CHSettingCellModel.m */ = {isa = PBXFileReference; lastKnownFileType = sourcecode.c.objc; path = CHSettingCellModel.m; sourceTree = "<group>"; };
		47FDFA662B44F4330024711B /* CHSettingConfigView.h */ = {isa = PBXFileReference; lastKnownFileType = sourcecode.c.h; path = CHSettingConfigView.h; sourceTree = "<group>"; };
		47FDFA672B44F4330024711B /* CHSettingConfigView.m */ = {isa = PBXFileReference; lastKnownFileType = sourcecode.c.objc; path = CHSettingConfigView.m; sourceTree = "<group>"; };
		47FDFA902B45259D0024711B /* CHSettingLoginView.h */ = {isa = PBXFileReference; lastKnownFileType = sourcecode.c.h; path = CHSettingLoginView.h; sourceTree = "<group>"; };
		47FDFA912B45259D0024711B /* CHSettingLoginView.m */ = {isa = PBXFileReference; lastKnownFileType = sourcecode.c.objc; path = CHSettingLoginView.m; sourceTree = "<group>"; };
		47FDFA932B4542A00024711B /* CHSelectLoginBtn.h */ = {isa = PBXFileReference; lastKnownFileType = sourcecode.c.h; path = CHSelectLoginBtn.h; sourceTree = "<group>"; };
		47FDFA942B4542A00024711B /* CHSelectLoginBtn.m */ = {isa = PBXFileReference; lastKnownFileType = sourcecode.c.objc; path = CHSelectLoginBtn.m; sourceTree = "<group>"; };
		47FDFA962B4543F80024711B /* CHLoginViewController.h */ = {isa = PBXFileReference; lastKnownFileType = sourcecode.c.h; path = CHLoginViewController.h; sourceTree = "<group>"; };
		47FDFA972B4543F80024711B /* CHLoginViewController.m */ = {isa = PBXFileReference; lastKnownFileType = sourcecode.c.objc; path = CHLoginViewController.m; sourceTree = "<group>"; };
		47FDFA992B45567C0024711B /* RXSDKDemo-Public.entitlements */ = {isa = PBXFileReference; lastKnownFileType = text.plist.entitlements; path = "RXSDKDemo-Public.entitlements"; sourceTree = "<group>"; };
		47FDFA9A2B455D000024711B /* CHHallViewController.h */ = {isa = PBXFileReference; lastKnownFileType = sourcecode.c.h; path = CHHallViewController.h; sourceTree = "<group>"; };
		47FDFA9B2B455D000024711B /* CHHallViewController.m */ = {isa = PBXFileReference; lastKnownFileType = sourcecode.c.objc; path = CHHallViewController.m; sourceTree = "<group>"; };
		865C448F589F8CA31E3B6CE7 /* Pods_RXSDKDemo_Public.framework */ = {isa = PBXFileReference; explicitFileType = wrapper.framework; includeInIndex = 0; path = Pods_RXSDKDemo_Public.framework; sourceTree = BUILT_PRODUCTS_DIR; };
		A899DCBB9422C65BEE39C885 /* Pods-RXSDKDemo-Public.debug.xcconfig */ = {isa = PBXFileReference; includeInIndex = 1; lastKnownFileType = text.xcconfig; name = "Pods-RXSDKDemo-Public.debug.xcconfig"; path = "Target Support Files/Pods-RXSDKDemo-Public/Pods-RXSDKDemo-Public.debug.xcconfig"; sourceTree = "<group>"; };
		D0283DDB2C2BB02B00C351CE /* RXSelectPayViewController.h */ = {isa = PBXFileReference; lastKnownFileType = sourcecode.c.h; path = RXSelectPayViewController.h; sourceTree = "<group>"; };
		D0283DDC2C2BB02B00C351CE /* RXSelectPayViewController.m */ = {isa = PBXFileReference; lastKnownFileType = sourcecode.c.objc; path = RXSelectPayViewController.m; sourceTree = "<group>"; };
		D0283DDE2C2BBBA100C351CE /* RXPayPlatformViewController.h */ = {isa = PBXFileReference; lastKnownFileType = sourcecode.c.h; path = RXPayPlatformViewController.h; sourceTree = "<group>"; };
		D0283DDF2C2BBBA100C351CE /* RXPayPlatformViewController.m */ = {isa = PBXFileReference; lastKnownFileType = sourcecode.c.objc; path = RXPayPlatformViewController.m; sourceTree = "<group>"; };
		D0283DE92C2D58E300C351CE /* RXLoginViewController.h */ = {isa = PBXFileReference; lastKnownFileType = sourcecode.c.h; path = RXLoginViewController.h; sourceTree = "<group>"; };
		D0283DEA2C2D58E300C351CE /* RXLoginViewController.m */ = {isa = PBXFileReference; lastKnownFileType = sourcecode.c.objc; path = RXLoginViewController.m; sourceTree = "<group>"; };
		D05537F72C215CC300F58B6A /* LICENSE */ = {isa = PBXFileReference; lastKnownFileType = text; path = LICENSE; sourceTree = "<group>"; };
		D05537F82C215CC300F58B6A /* README.md */ = {isa = PBXFileReference; lastKnownFileType = net.daringfireball.markdown; path = README.md; sourceTree = "<group>"; };
		D05537F92C215CC300F58B6A /* RXPushSDK.framework */ = {isa = PBXFileReference; lastKnownFileType = wrapper.framework; path = RXPushSDK.framework; sourceTree = "<group>"; };
		D05537FB2C215CDD00F58B6A /* LICENSE */ = {isa = PBXFileReference; lastKnownFileType = text; path = LICENSE; sourceTree = "<group>"; };
		D05537FC2C215CDD00F58B6A /* README.md */ = {isa = PBXFileReference; lastKnownFileType = net.daringfireball.markdown; path = README.md; sourceTree = "<group>"; };
		D05537FD2C215CDD00F58B6A /* RXPushSDK.framework */ = {isa = PBXFileReference; lastKnownFileType = wrapper.framework; path = RXPushSDK.framework; sourceTree = "<group>"; };
		D085EE0C2C5A2A4600A4512F /* RXOpenUrlViewController.h */ = {isa = PBXFileReference; lastKnownFileType = sourcecode.c.h; path = RXOpenUrlViewController.h; sourceTree = "<group>"; };
		D085EE0D2C5A2A4600A4512F /* RXOpenUrlViewController.m */ = {isa = PBXFileReference; lastKnownFileType = sourcecode.c.objc; path = RXOpenUrlViewController.m; sourceTree = "<group>"; };
		D0E40C702BF60F070050035E /* RXPayViewController.h */ = {isa = PBXFileReference; lastKnownFileType = sourcecode.c.h; path = RXPayViewController.h; sourceTree = "<group>"; };
		D0E40C712BF60F070050035E /* RXPayViewController.m */ = {isa = PBXFileReference; lastKnownFileType = sourcecode.c.objc; path = RXPayViewController.m; sourceTree = "<group>"; };
		D0E40C732BF60F180050035E /* RXShareViewController.h */ = {isa = PBXFileReference; lastKnownFileType = sourcecode.c.h; path = RXShareViewController.h; sourceTree = "<group>"; };
		D0E40C742BF60F180050035E /* RXShareViewController.m */ = {isa = PBXFileReference; lastKnownFileType = sourcecode.c.objc; path = RXShareViewController.m; sourceTree = "<group>"; };
		D0E40C762BFC403A0050035E /* RXLoginViewCell.h */ = {isa = PBXFileReference; lastKnownFileType = sourcecode.c.h; path = RXLoginViewCell.h; sourceTree = "<group>"; };
		D0E40C772BFC403A0050035E /* RXLoginViewCell.m */ = {isa = PBXFileReference; lastKnownFileType = sourcecode.c.objc; path = RXLoginViewCell.m; sourceTree = "<group>"; };
		D0F5F1192C2515280022F9BB /* RXCPIDViewController.h */ = {isa = PBXFileReference; lastKnownFileType = sourcecode.c.h; path = RXCPIDViewController.h; sourceTree = "<group>"; };
		D0F5F11A2C2515280022F9BB /* RXCPIDViewController.m */ = {isa = PBXFileReference; lastKnownFileType = sourcecode.c.objc; path = RXCPIDViewController.m; sourceTree = "<group>"; };
		D0F5F11C2C2520300022F9BB /* RXProductIdViewController.h */ = {isa = PBXFileReference; lastKnownFileType = sourcecode.c.h; path = RXProductIdViewController.h; sourceTree = "<group>"; };
		D0F5F11D2C2520300022F9BB /* RXProductIdViewController.m */ = {isa = PBXFileReference; lastKnownFileType = sourcecode.c.objc; path = RXProductIdViewController.m; sourceTree = "<group>"; };
		D0F5F11F2C2520440022F9BB /* RXChannelIdViewController.h */ = {isa = PBXFileReference; lastKnownFileType = sourcecode.c.h; path = RXChannelIdViewController.h; sourceTree = "<group>"; };
		D0F5F1202C2520440022F9BB /* RXChannelIdViewController.m */ = {isa = PBXFileReference; lastKnownFileType = sourcecode.c.objc; path = RXChannelIdViewController.m; sourceTree = "<group>"; };
		D0F5F13F2C2946770022F9BB /* RXSelectShareViewController.h */ = {isa = PBXFileReference; lastKnownFileType = sourcecode.c.h; path = RXSelectShareViewController.h; sourceTree = "<group>"; };
		D0F5F1402C2946770022F9BB /* RXSelectShareViewController.m */ = {isa = PBXFileReference; lastKnownFileType = sourcecode.c.objc; path = RXSelectShareViewController.m; sourceTree = "<group>"; };
		D0F5F1422C2947680022F9BB /* RXSharePlatformViewController.h */ = {isa = PBXFileReference; lastKnownFileType = sourcecode.c.h; path = RXSharePlatformViewController.h; sourceTree = "<group>"; };
		D0F5F1432C2947680022F9BB /* RXSharePlatformViewController.m */ = {isa = PBXFileReference; lastKnownFileType = sourcecode.c.objc; path = RXSharePlatformViewController.m; sourceTree = "<group>"; };
		D0F5F1452C295D6A0022F9BB /* RXSharePointViewController.h */ = {isa = PBXFileReference; lastKnownFileType = sourcecode.c.h; path = RXSharePointViewController.h; sourceTree = "<group>"; };
		D0F5F1462C295D6A0022F9BB /* RXSharePointViewController.m */ = {isa = PBXFileReference; lastKnownFileType = sourcecode.c.objc; path = RXSharePointViewController.m; sourceTree = "<group>"; };
		D0F5F1482C295FFA0022F9BB /* RXBillingPointViewController.h */ = {isa = PBXFileReference; lastKnownFileType = sourcecode.c.h; path = RXBillingPointViewController.h; sourceTree = "<group>"; };
		D0F5F1492C295FFA0022F9BB /* RXBillingPointViewController.m */ = {isa = PBXFileReference; lastKnownFileType = sourcecode.c.objc; path = RXBillingPointViewController.m; sourceTree = "<group>"; };
		D8D6ABE0F8F4A0BEA0D4B7F5 /* Pods-RXSDKDemo-Public.release.xcconfig */ = {isa = PBXFileReference; includeInIndex = 1; lastKnownFileType = text.xcconfig; name = "Pods-RXSDKDemo-Public.release.xcconfig"; path = "Target Support Files/Pods-RXSDKDemo-Public/Pods-RXSDKDemo-Public.release.xcconfig"; sourceTree = "<group>"; };
/* End PBXFileReference section */

/* Begin PBXFrameworksBuildPhase section */
		479FCE3C2B439E020012C3EB /* Frameworks */ = {
			isa = PBXFrameworksBuildPhase;
			buildActionMask = 2147483647;
			files = (
				C2619CB1E077387B56646CFC /* Pods_RXSDKDemo_Public.framework in Frameworks */,
			);
			runOnlyForDeploymentPostprocessing = 0;
		};
		479FCE572B439E060012C3EB /* Frameworks */ = {
			isa = PBXFrameworksBuildPhase;
			buildActionMask = 2147483647;
			files = (
			);
			runOnlyForDeploymentPostprocessing = 0;
		};
		479FCE612B439E060012C3EB /* Frameworks */ = {
			isa = PBXFrameworksBuildPhase;
			buildActionMask = 2147483647;
			files = (
			);
			runOnlyForDeploymentPostprocessing = 0;
		};
/* End PBXFrameworksBuildPhase section */

/* Begin PBXGroup section */
		479FCE362B439E020012C3EB = {
			isa = PBXGroup;
			children = (
				479FCE412B439E020012C3EB /* RXSDKDemo-Public */,
				479FCE5D2B439E060012C3EB /* RXSDKDemo-PublicTests */,
				479FCE672B439E060012C3EB /* RXSDKDemo-PublicUITests */,
				479FCE402B439E020012C3EB /* Products */,
				7EE35B75661BAF29ED5DBD66 /* Pods */,
				C7E836C77459FB1F874B1DCA /* Frameworks */,
			);
			sourceTree = "<group>";
		};
		479FCE402B439E020012C3EB /* Products */ = {
			isa = PBXGroup;
			children = (
				479FCE3F2B439E020012C3EB /* RXSDKDemo-Public.app */,
				479FCE5A2B439E060012C3EB /* RXSDKDemo-PublicTests.xctest */,
				479FCE642B439E060012C3EB /* RXSDKDemo-PublicUITests.xctest */,
			);
			name = Products;
			sourceTree = "<group>";
		};
		479FCE412B439E020012C3EB /* RXSDKDemo-Public */ = {
			isa = PBXGroup;
			children = (
				47E573CA2B730AAA001BD9F6 /* Icons */,
				47FDFA992B45567C0024711B /* RXSDKDemo-Public.entitlements */,
				479FCE422B439E020012C3EB /* AppDelegate.h */,
				479FCE432B439E020012C3EB /* AppDelegate.m */,
				479FCE482B439E030012C3EB /* ViewController.h */,
				479FCE492B439E030012C3EB /* ViewController.m */,
				47EB68522B441F4E00A8B313 /* SceneDelegate.h */,
				47EB68512B441F4D00A8B313 /* SceneDelegate.m */,
				47EB684F2B441BA800A8B313 /* NAVC.h */,
				47EB684E2B441BA800A8B313 /* NAVC.m */,
				479FCE772B43DDE90012C3EB /* Main */,
				479FCE782B43DDE90012C3EB /* Utility */,
				479FCE4B2B439E030012C3EB /* Main.storyboard */,
				479FCE4E2B439E060012C3EB /* Assets.xcassets */,
				479FCE502B439E060012C3EB /* LaunchScreen.storyboard */,
				479FCE532B439E060012C3EB /* Info.plist */,
				479FCE542B439E060012C3EB /* main.m */,
			);
			path = "RXSDKDemo-Public";
			sourceTree = "<group>";
		};
		479FCE5D2B439E060012C3EB /* RXSDKDemo-PublicTests */ = {
			isa = PBXGroup;
			children = (
				479FCE5E2B439E060012C3EB /* RXSDKDemo_PublicTests.m */,
			);
			path = "RXSDKDemo-PublicTests";
			sourceTree = "<group>";
		};
		479FCE672B439E060012C3EB /* RXSDKDemo-PublicUITests */ = {
			isa = PBXGroup;
			children = (
				479FCE682B439E060012C3EB /* RXSDKDemo_PublicUITests.m */,
				479FCE6A2B439E060012C3EB /* RXSDKDemo_PublicUITestsLaunchTests.m */,
			);
			path = "RXSDKDemo-PublicUITests";
			sourceTree = "<group>";
		};
		479FCE772B43DDE90012C3EB /* Main */ = {
			isa = PBXGroup;
			children = (
				47FDFA622B44EF430024711B /* Model */,
				47EB68492B4419A900A8B313 /* View */,
				47EB68462B4419A900A8B313 /* ViewController */,
			);
			path = Main;
			sourceTree = "<group>";
		};
		479FCE782B43DDE90012C3EB /* Utility */ = {
			isa = PBXGroup;
			children = (
				47EB68382B43E4DF00A8B313 /* Tool.h */,
				47EB68392B43E4DF00A8B313 /* Tool.m */,
				47EB683B2B43EF4600A8B313 /* UIView+Shade.h */,
				47EB683C2B43EF4600A8B313 /* UIView+Shade.m */,
				47EB68402B43F21B00A8B313 /* UIColor+ColorUtility.h */,
				47EB68412B43F21B00A8B313 /* UIColor+ColorUtility.m */,
				47EB683E2B43F07800A8B313 /* CHPrefixHeader.pch */,
				47EB683F2B43F0B500A8B313 /* CHMarco.h */,
				47EB684B2B441A4000A8B313 /* CHUtility.h */,
				47EB684C2B441A4000A8B313 /* CHUtility.m */,
			);
			path = Utility;
			sourceTree = "<group>";
		};
		47E573CA2B730AAA001BD9F6 /* Icons */ = {
			isa = PBXGroup;
			children = (
				47E573D72B730AAA001BD9F6 /* Icon-iPad-76.png */,
				47E573CE2B730AAA001BD9F6 /* Icon-iPad-152.png */,
				47E573DD2B730AAA001BD9F6 /* Icon-iPad-167.png */,
				47E573CC2B730AAA001BD9F6 /* Icon-iPad-Notification-20.png */,
				47E573D12B730AAA001BD9F6 /* Icon-iPad-Notification-40.png */,
				47E573CD2B730AAA001BD9F6 /* Icon-iPad-Settings-29.png */,
				47E573D02B730AAA001BD9F6 /* Icon-iPad-Settings-58.png */,
				47E573CF2B730AAA001BD9F6 /* Icon-iPad-Spotlight-40.png */,
				47E573D22B730AAA001BD9F6 /* Icon-iPad-Spotlight-80.png */,
				47E573DC2B730AAA001BD9F6 /* Icon-iPhone1-120.png */,
				47E573F22B730C8E001BD9F6 /* Icon-iPhone2-120.png */,
				47E573F12B730C8E001BD9F6 /* Icon-iPhone2-180.png */,
				47E573D82B730AAA001BD9F6 /* Icon-iPhone1-180.png */,
				47E573D32B730AAA001BD9F6 /* Icon-iPhone-Notification-40.png */,
				47E573D92B730AAA001BD9F6 /* Icon-iPhone-Notification-60.png */,
				47E573D42B730AAA001BD9F6 /* Icon-iPhone-Settings-29.png */,
				47E573CB2B730AAA001BD9F6 /* Icon-iPhone-Settings-58.png */,
				47E573DA2B730AAA001BD9F6 /* Icon-iPhone-Settings-87.png */,
				47E573D62B730AAA001BD9F6 /* Icon-iPhone-Spotlight-80.png */,
				47E573D52B730AAA001BD9F6 /* Icon-iPhone-Spotlight-120.png */,
				47E573DB2B730AAA001BD9F6 /* Icon-Store-1024.png */,
			);
			path = Icons;
			sourceTree = "<group>";
		};
		47EB68462B4419A900A8B313 /* ViewController */ = {
			isa = PBXGroup;
			children = (
				D0283DE92C2D58E300C351CE /* RXLoginViewController.h */,
				D0283DEA2C2D58E300C351CE /* RXLoginViewController.m */,
				D0F5F1192C2515280022F9BB /* RXCPIDViewController.h */,
				D0F5F11A2C2515280022F9BB /* RXCPIDViewController.m */,
				D0F5F11C2C2520300022F9BB /* RXProductIdViewController.h */,
				D0F5F11D2C2520300022F9BB /* RXProductIdViewController.m */,
				D0F5F11F2C2520440022F9BB /* RXChannelIdViewController.h */,
				D0F5F1202C2520440022F9BB /* RXChannelIdViewController.m */,
				47EB68472B4419A900A8B313 /* CHSettingViewController.h */,
				47EB68482B4419A900A8B313 /* CHSettingViewController.m */,
				47FDFA962B4543F80024711B /* CHLoginViewController.h */,
				47FDFA972B4543F80024711B /* CHLoginViewController.m */,
				47FDFA9A2B455D000024711B /* CHHallViewController.h */,
				47FDFA9B2B455D000024711B /* CHHallViewController.m */,
				D0283DDB2C2BB02B00C351CE /* RXSelectPayViewController.h */,
				D0283DDC2C2BB02B00C351CE /* RXSelectPayViewController.m */,
				D0E40C702BF60F070050035E /* RXPayViewController.h */,
				D0E40C712BF60F070050035E /* RXPayViewController.m */,
				D0283DDE2C2BBBA100C351CE /* RXPayPlatformViewController.h */,
				D0283DDF2C2BBBA100C351CE /* RXPayPlatformViewController.m */,
				D0F5F1482C295FFA0022F9BB /* RXBillingPointViewController.h */,
				D0F5F1492C295FFA0022F9BB /* RXBillingPointViewController.m */,
				D0F5F13F2C2946770022F9BB /* RXSelectShareViewController.h */,
				D0F5F1402C2946770022F9BB /* RXSelectShareViewController.m */,
				D0E40C732BF60F180050035E /* RXShareViewController.h */,
				D0E40C742BF60F180050035E /* RXShareViewController.m */,
				D0F5F1422C2947680022F9BB /* RXSharePlatformViewController.h */,
				D0F5F1432C2947680022F9BB /* RXSharePlatformViewController.m */,
				D0F5F1452C295D6A0022F9BB /* RXSharePointViewController.h */,
				D0F5F1462C295D6A0022F9BB /* RXSharePointViewController.m */,
				D085EE0C2C5A2A4600A4512F /* RXOpenUrlViewController.h */,
				D085EE0D2C5A2A4600A4512F /* RXOpenUrlViewController.m */,
			);
			path = ViewController;
			sourceTree = "<group>";
		};
		47EB68492B4419A900A8B313 /* View */ = {
			isa = PBXGroup;
			children = (
				47EB68542B44281300A8B313 /* CHSelectLanguageView.h */,
				47EB68552B44281300A8B313 /* CHSelectLanguageView.m */,
				47EB68572B44295800A8B313 /* CHSelectBtn.h */,
				47EB68582B44295800A8B313 /* CHSelectBtn.m */,
				47FDFA932B4542A00024711B /* CHSelectLoginBtn.h */,
				47FDFA942B4542A00024711B /* CHSelectLoginBtn.m */,
				47FDFA5F2B44EE2C0024711B /* CHSettingSelectBtn.h */,
				47FDFA602B44EE2C0024711B /* CHSettingSelectBtn.m */,
				47FDFA662B44F4330024711B /* CHSettingConfigView.h */,
				47FDFA672B44F4330024711B /* CHSettingConfigView.m */,
				47FDFA902B45259D0024711B /* CHSettingLoginView.h */,
				47FDFA912B45259D0024711B /* CHSettingLoginView.m */,
				D0E40C762BFC403A0050035E /* RXLoginViewCell.h */,
				D0E40C772BFC403A0050035E /* RXLoginViewCell.m */,
			);
			path = View;
			sourceTree = "<group>";
		};
		47FDFA622B44EF430024711B /* Model */ = {
			isa = PBXGroup;
			children = (
				47FDFA632B44EF520024711B /* CHSettingCellModel.h */,
				47FDFA642B44EF520024711B /* CHSettingCellModel.m */,
			);
			path = Model;
			sourceTree = "<group>";
		};
		7EE35B75661BAF29ED5DBD66 /* Pods */ = {
			isa = PBXGroup;
			children = (
				A899DCBB9422C65BEE39C885 /* Pods-RXSDKDemo-Public.debug.xcconfig */,
				D8D6ABE0F8F4A0BEA0D4B7F5 /* Pods-RXSDKDemo-Public.release.xcconfig */,
			);
			path = Pods;
			sourceTree = "<group>";
		};
		C7E836C77459FB1F874B1DCA /* Frameworks */ = {
			isa = PBXGroup;
			children = (
				D05537FA2C215CC300F58B6A /* RXPushSDK */,
				D05537FE2C215CDD00F58B6A /* RXPushSDK */,
				865C448F589F8CA31E3B6CE7 /* Pods_RXSDKDemo_Public.framework */,
			);
			name = Frameworks;
			sourceTree = "<group>";
		};
		D05537FA2C215CC300F58B6A /* RXPushSDK */ = {
			isa = PBXGroup;
			children = (
				D05537F72C215CC300F58B6A /* LICENSE */,
				D05537F82C215CC300F58B6A /* README.md */,
				D05537F92C215CC300F58B6A /* RXPushSDK.framework */,
			);
			name = RXPushSDK;
			path = Pods/RXPushSDK;
			sourceTree = "<group>";
		};
		D05537FE2C215CDD00F58B6A /* RXPushSDK */ = {
			isa = PBXGroup;
			children = (
				D05537FB2C215CDD00F58B6A /* LICENSE */,
				D05537FC2C215CDD00F58B6A /* README.md */,
				D05537FD2C215CDD00F58B6A /* RXPushSDK.framework */,
			);
			name = RXPushSDK;
			path = Pods/RXPushSDK;
			sourceTree = "<group>";
		};
/* End PBXGroup section */

/* Begin PBXNativeTarget section */
		479FCE3E2B439E020012C3EB /* RXSDKDemo-Public */ = {
			isa = PBXNativeTarget;
			buildConfigurationList = 479FCE6E2B439E060012C3EB /* Build configuration list for PBXNativeTarget "RXSDKDemo-Public" */;
			buildPhases = (
				77F5B25F9E584A591BF4869E /* [CP] Check Pods Manifest.lock */,
				479FCE3B2B439E020012C3EB /* Sources */,
				479FCE3C2B439E020012C3EB /* Frameworks */,
				479FCE3D2B439E020012C3EB /* Resources */,
				4C0175D1D7952FA42401C97B /* [CP] Embed Pods Frameworks */,
				8868EAACEC481D636F6249D5 /* [CP] Copy Pods Resources */,
				D05537F52C2153D000F58B6A /* Embed Foundation Extensions */,
				D085EE072C59F51200A4512F /* Embed Frameworks */,
			);
			buildRules = (
			);
			dependencies = (
			);
			name = "RXSDKDemo-Public";
			productName = "RXSDKDemo-Public";
			productReference = 479FCE3F2B439E020012C3EB /* RXSDKDemo-Public.app */;
			productType = "com.apple.product-type.application";
		};
		479FCE592B439E060012C3EB /* RXSDKDemo-PublicTests */ = {
			isa = PBXNativeTarget;
			buildConfigurationList = 479FCE712B439E060012C3EB /* Build configuration list for PBXNativeTarget "RXSDKDemo-PublicTests" */;
			buildPhases = (
				479FCE562B439E060012C3EB /* Sources */,
				479FCE572B439E060012C3EB /* Frameworks */,
				479FCE582B439E060012C3EB /* Resources */,
			);
			buildRules = (
			);
			dependencies = (
				479FCE5C2B439E060012C3EB /* PBXTargetDependency */,
			);
			name = "RXSDKDemo-PublicTests";
			productName = "RXSDKDemo-PublicTests";
			productReference = 479FCE5A2B439E060012C3EB /* RXSDKDemo-PublicTests.xctest */;
			productType = "com.apple.product-type.bundle.unit-test";
		};
		479FCE632B439E060012C3EB /* RXSDKDemo-PublicUITests */ = {
			isa = PBXNativeTarget;
			buildConfigurationList = 479FCE742B439E060012C3EB /* Build configuration list for PBXNativeTarget "RXSDKDemo-PublicUITests" */;
			buildPhases = (
				479FCE602B439E060012C3EB /* Sources */,
				479FCE612B439E060012C3EB /* Frameworks */,
				479FCE622B439E060012C3EB /* Resources */,
			);
			buildRules = (
			);
			dependencies = (
				479FCE662B439E060012C3EB /* PBXTargetDependency */,
			);
			name = "RXSDKDemo-PublicUITests";
			productName = "RXSDKDemo-PublicUITests";
			productReference = 479FCE642B439E060012C3EB /* RXSDKDemo-PublicUITests.xctest */;
			productType = "com.apple.product-type.bundle.ui-testing";
		};
/* End PBXNativeTarget section */

/* Begin PBXProject section */
		479FCE372B439E020012C3EB /* Project object */ = {
			isa = PBXProject;
			attributes = {
				BuildIndependentTargetsInParallel = 1;
				LastUpgradeCheck = 1510;
				TargetAttributes = {
					479FCE3E2B439E020012C3EB = {
						CreatedOnToolsVersion = 15.1;
					};
					479FCE592B439E060012C3EB = {
						CreatedOnToolsVersion = 15.1;
						TestTargetID = 479FCE3E2B439E020012C3EB;
					};
					479FCE632B439E060012C3EB = {
						CreatedOnToolsVersion = 15.1;
						TestTargetID = 479FCE3E2B439E020012C3EB;
					};
				};
			};
			buildConfigurationList = 479FCE3A2B439E020012C3EB /* Build configuration list for PBXProject "RXSDKDemo-Public" */;
			compatibilityVersion = "Xcode 14.0";
			developmentRegion = en;
			hasScannedForEncodings = 0;
			knownRegions = (
				en,
				Base,
			);
			mainGroup = 479FCE362B439E020012C3EB;
			productRefGroup = 479FCE402B439E020012C3EB /* Products */;
			projectDirPath = "";
			projectRoot = "";
			targets = (
				479FCE3E2B439E020012C3EB /* RXSDKDemo-Public */,
				479FCE592B439E060012C3EB /* RXSDKDemo-PublicTests */,
				479FCE632B439E060012C3EB /* RXSDKDemo-PublicUITests */,
			);
		};
/* End PBXProject section */

/* Begin PBXResourcesBuildPhase section */
		479FCE3D2B439E020012C3EB /* Resources */ = {
			isa = PBXResourcesBuildPhase;
			buildActionMask = 2147483647;
			files = (
				47E573EC2B730AAA001BD9F6 /* Icon-iPhone-Notification-60.png in Resources */,
				47E573E62B730AAA001BD9F6 /* Icon-iPhone-Notification-40.png in Resources */,
				47E573F42B730C8E001BD9F6 /* Icon-iPhone2-120.png in Resources */,
				47E573EA2B730AAA001BD9F6 /* Icon-iPad-76.png in Resources */,
				47E573E72B730AAA001BD9F6 /* Icon-iPhone-Settings-29.png in Resources */,
				479FCE522B439E060012C3EB /* LaunchScreen.storyboard in Resources */,
				47E573E32B730AAA001BD9F6 /* Icon-iPad-Settings-58.png in Resources */,
				47E573DF2B730AAA001BD9F6 /* Icon-iPad-Notification-20.png in Resources */,
				47E573EB2B730AAA001BD9F6 /* Icon-iPhone1-180.png in Resources */,
				47E573E52B730AAA001BD9F6 /* Icon-iPad-Spotlight-80.png in Resources */,
				47E573F02B730AAA001BD9F6 /* Icon-iPad-167.png in Resources */,
				47E573E12B730AAA001BD9F6 /* Icon-iPad-152.png in Resources */,
				47E573ED2B730AAA001BD9F6 /* Icon-iPhone-Settings-87.png in Resources */,
				479FCE4F2B439E060012C3EB /* Assets.xcassets in Resources */,
				47E573EF2B730AAA001BD9F6 /* Icon-iPhone1-120.png in Resources */,
				47E573E92B730AAA001BD9F6 /* Icon-iPhone-Spotlight-80.png in Resources */,
				47E573EE2B730AAA001BD9F6 /* Icon-Store-1024.png in Resources */,
				47E573E42B730AAA001BD9F6 /* Icon-iPad-Notification-40.png in Resources */,
				479FCE4D2B439E030012C3EB /* Main.storyboard in Resources */,
				47E573E22B730AAA001BD9F6 /* Icon-iPad-Spotlight-40.png in Resources */,
				47E573E02B730AAA001BD9F6 /* Icon-iPad-Settings-29.png in Resources */,
				47E573F32B730C8E001BD9F6 /* Icon-iPhone2-180.png in Resources */,
				47E573E82B730AAA001BD9F6 /* Icon-iPhone-Spotlight-120.png in Resources */,
				47E573DE2B730AAA001BD9F6 /* Icon-iPhone-Settings-58.png in Resources */,
			);
			runOnlyForDeploymentPostprocessing = 0;
		};
		479FCE582B439E060012C3EB /* Resources */ = {
			isa = PBXResourcesBuildPhase;
			buildActionMask = 2147483647;
			files = (
			);
			runOnlyForDeploymentPostprocessing = 0;
		};
		479FCE622B439E060012C3EB /* Resources */ = {
			isa = PBXResourcesBuildPhase;
			buildActionMask = 2147483647;
			files = (
			);
			runOnlyForDeploymentPostprocessing = 0;
		};
/* End PBXResourcesBuildPhase section */

/* Begin PBXShellScriptBuildPhase section */
		4C0175D1D7952FA42401C97B /* [CP] Embed Pods Frameworks */ = {
			isa = PBXShellScriptBuildPhase;
			buildActionMask = 2147483647;
			files = (
			);
			inputFileListPaths = (
				"${PODS_ROOT}/Target Support Files/Pods-RXSDKDemo-Public/Pods-RXSDKDemo-Public-frameworks-${CONFIGURATION}-input-files.xcfilelist",
			);
			name = "[CP] Embed Pods Frameworks";
			outputFileListPaths = (
				"${PODS_ROOT}/Target Support Files/Pods-RXSDKDemo-Public/Pods-RXSDKDemo-Public-frameworks-${CONFIGURATION}-output-files.xcfilelist",
			);
			runOnlyForDeploymentPostprocessing = 0;
			shellPath = /bin/sh;
			shellScript = "\"${PODS_ROOT}/Target Support Files/Pods-RXSDKDemo-Public/Pods-RXSDKDemo-Public-frameworks.sh\"\n";
			showEnvVarsInLog = 0;
		};
		77F5B25F9E584A591BF4869E /* [CP] Check Pods Manifest.lock */ = {
			isa = PBXShellScriptBuildPhase;
			buildActionMask = 2147483647;
			files = (
			);
			inputFileListPaths = (
			);
			inputPaths = (
				"${PODS_PODFILE_DIR_PATH}/Podfile.lock",
				"${PODS_ROOT}/Manifest.lock",
			);
			name = "[CP] Check Pods Manifest.lock";
			outputFileListPaths = (
			);
			outputPaths = (
				"$(DERIVED_FILE_DIR)/Pods-RXSDKDemo-Public-checkManifestLockResult.txt",
			);
			runOnlyForDeploymentPostprocessing = 0;
			shellPath = /bin/sh;
			shellScript = "diff \"${PODS_PODFILE_DIR_PATH}/Podfile.lock\" \"${PODS_ROOT}/Manifest.lock\" > /dev/null\nif [ $? != 0 ] ; then\n    # print error to STDERR\n    echo \"error: The sandbox is not in sync with the Podfile.lock. Run 'pod install' or update your CocoaPods installation.\" >&2\n    exit 1\nfi\n# This output is used by Xcode 'outputs' to avoid re-running this script phase.\necho \"SUCCESS\" > \"${SCRIPT_OUTPUT_FILE_0}\"\n";
			showEnvVarsInLog = 0;
		};
		8868EAACEC481D636F6249D5 /* [CP] Copy Pods Resources */ = {
			isa = PBXShellScriptBuildPhase;
			buildActionMask = 2147483647;
			files = (
			);
			inputFileListPaths = (
				"${PODS_ROOT}/Target Support Files/Pods-RXSDKDemo-Public/Pods-RXSDKDemo-Public-resources-${CONFIGURATION}-input-files.xcfilelist",
			);
			name = "[CP] Copy Pods Resources";
			outputFileListPaths = (
				"${PODS_ROOT}/Target Support Files/Pods-RXSDKDemo-Public/Pods-RXSDKDemo-Public-resources-${CONFIGURATION}-output-files.xcfilelist",
			);
			runOnlyForDeploymentPostprocessing = 0;
			shellPath = /bin/sh;
			shellScript = "\"${PODS_ROOT}/Target Support Files/Pods-RXSDKDemo-Public/Pods-RXSDKDemo-Public-resources.sh\"\n";
			showEnvVarsInLog = 0;
		};
/* End PBXShellScriptBuildPhase section */

/* Begin PBXSourcesBuildPhase section */
		479FCE3B2B439E020012C3EB /* Sources */ = {
			isa = PBXSourcesBuildPhase;
			buildActionMask = 2147483647;
			files = (
				47EB68422B43F21B00A8B313 /* UIColor+ColorUtility.m in Sources */,
				D0283DDD2C2BB02B00C351CE /* RXSelectPayViewController.m in Sources */,
				47EB683A2B43E4E000A8B313 /* Tool.m in Sources */,
				479FCE4A2B439E030012C3EB /* ViewController.m in Sources */,
				D0E40C722BF60F070050035E /* RXPayViewController.m in Sources */,
				47EB684D2B441A4000A8B313 /* CHUtility.m in Sources */,
				D0F5F1472C295D6A0022F9BB /* RXSharePointViewController.m in Sources */,
				47EB683D2B43EF4600A8B313 /* UIView+Shade.m in Sources */,
				47FDFA982B4543F80024711B /* CHLoginViewController.m in Sources */,
				47FDFA612B44EE2C0024711B /* CHSettingSelectBtn.m in Sources */,
				47EB68562B44281300A8B313 /* CHSelectLanguageView.m in Sources */,
				47EB68502B441BA800A8B313 /* NAVC.m in Sources */,
				47EB684A2B4419A900A8B313 /* CHSettingViewController.m in Sources */,
				47FDFA682B44F4330024711B /* CHSettingConfigView.m in Sources */,
				D0E40C782BFC403A0050035E /* RXLoginViewCell.m in Sources */,
				D0F5F14A2C295FFA0022F9BB /* RXBillingPointViewController.m in Sources */,
				D0283DE02C2BBBA100C351CE /* RXPayPlatformViewController.m in Sources */,
				D0F5F11E2C2520300022F9BB /* RXProductIdViewController.m in Sources */,
				47EB68532B441F4E00A8B313 /* SceneDelegate.m in Sources */,
				479FCE442B439E020012C3EB /* AppDelegate.m in Sources */,
				D0283DEB2C2D58E300C351CE /* RXLoginViewController.m in Sources */,
				D0F5F1212C2520440022F9BB /* RXChannelIdViewController.m in Sources */,
				D0E40C752BF60F180050035E /* RXShareViewController.m in Sources */,
				D085EE0F2C5A2A4600A4512F /* RXOpenUrlViewController.m in Sources */,
				479FCE552B439E060012C3EB /* main.m in Sources */,
				47FDFA652B44EF520024711B /* CHSettingCellModel.m in Sources */,
				47FDFA922B45259D0024711B /* CHSettingLoginView.m in Sources */,
				47EB68592B44295800A8B313 /* CHSelectBtn.m in Sources */,
				D0F5F1412C2946770022F9BB /* RXSelectShareViewController.m in Sources */,
				47FDFA952B4542A00024711B /* CHSelectLoginBtn.m in Sources */,
				D0F5F11B2C2515280022F9BB /* RXCPIDViewController.m in Sources */,
				47FDFA9C2B455D000024711B /* CHHallViewController.m in Sources */,
				D0F5F1442C2947680022F9BB /* RXSharePlatformViewController.m in Sources */,
			);
			runOnlyForDeploymentPostprocessing = 0;
		};
		479FCE562B439E060012C3EB /* Sources */ = {
			isa = PBXSourcesBuildPhase;
			buildActionMask = 2147483647;
			files = (
				479FCE5F2B439E060012C3EB /* RXSDKDemo_PublicTests.m in Sources */,
			);
			runOnlyForDeploymentPostprocessing = 0;
		};
		479FCE602B439E060012C3EB /* Sources */ = {
			isa = PBXSourcesBuildPhase;
			buildActionMask = 2147483647;
			files = (
				479FCE692B439E060012C3EB /* RXSDKDemo_PublicUITests.m in Sources */,
				479FCE6B2B439E060012C3EB /* RXSDKDemo_PublicUITestsLaunchTests.m in Sources */,
			);
			runOnlyForDeploymentPostprocessing = 0;
		};
/* End PBXSourcesBuildPhase section */

/* Begin PBXTargetDependency section */
		479FCE5C2B439E060012C3EB /* PBXTargetDependency */ = {
			isa = PBXTargetDependency;
			target = 479FCE3E2B439E020012C3EB /* RXSDKDemo-Public */;
			targetProxy = 479FCE5B2B439E060012C3EB /* PBXContainerItemProxy */;
		};
		479FCE662B439E060012C3EB /* PBXTargetDependency */ = {
			isa = PBXTargetDependency;
			target = 479FCE3E2B439E020012C3EB /* RXSDKDemo-Public */;
			targetProxy = 479FCE652B439E060012C3EB /* PBXContainerItemProxy */;
		};
/* End PBXTargetDependency section */

/* Begin PBXVariantGroup section */
		479FCE4B2B439E030012C3EB /* Main.storyboard */ = {
			isa = PBXVariantGroup;
			children = (
				479FCE4C2B439E030012C3EB /* Base */,
			);
			name = Main.storyboard;
			sourceTree = "<group>";
		};
		479FCE502B439E060012C3EB /* LaunchScreen.storyboard */ = {
			isa = PBXVariantGroup;
			children = (
				479FCE512B439E060012C3EB /* Base */,
			);
			name = LaunchScreen.storyboard;
			sourceTree = "<group>";
		};
/* End PBXVariantGroup section */

/* Begin XCBuildConfiguration section */
		479FCE6C2B439E060012C3EB /* Debug */ = {
			isa = XCBuildConfiguration;
			buildSettings = {
				ALWAYS_SEARCH_USER_PATHS = NO;
				ASSETCATALOG_COMPILER_GENERATE_SWIFT_ASSET_SYMBOL_EXTENSIONS = YES;
				CLANG_ANALYZER_NONNULL = YES;
				CLANG_ANALYZER_NUMBER_OBJECT_CONVERSION = YES_AGGRESSIVE;
				CLANG_CXX_LANGUAGE_STANDARD = "gnu++20";
				CLANG_ENABLE_MODULES = YES;
				CLANG_ENABLE_OBJC_ARC = YES;
				CLANG_ENABLE_OBJC_WEAK = YES;
				CLANG_WARN_BLOCK_CAPTURE_AUTORELEASING = YES;
				CLANG_WARN_BOOL_CONVERSION = YES;
				CLANG_WARN_COMMA = YES;
				CLANG_WARN_CONSTANT_CONVERSION = YES;
				CLANG_WARN_DEPRECATED_OBJC_IMPLEMENTATIONS = YES;
				CLANG_WARN_DIRECT_OBJC_ISA_USAGE = YES_ERROR;
				CLANG_WARN_DOCUMENTATION_COMMENTS = YES;
				CLANG_WARN_EMPTY_BODY = YES;
				CLANG_WARN_ENUM_CONVERSION = YES;
				CLANG_WARN_INFINITE_RECURSION = YES;
				CLANG_WARN_INT_CONVERSION = YES;
				CLANG_WARN_NON_LITERAL_NULL_CONVERSION = YES;
				CLANG_WARN_OBJC_IMPLICIT_RETAIN_SELF = YES;
				CLANG_WARN_OBJC_LITERAL_CONVERSION = YES;
				CLANG_WARN_OBJC_ROOT_CLASS = YES_ERROR;
				CLANG_WARN_QUOTED_INCLUDE_IN_FRAMEWORK_HEADER = YES;
				CLANG_WARN_RANGE_LOOP_ANALYSIS = YES;
				CLANG_WARN_STRICT_PROTOTYPES = YES;
				CLANG_WARN_SUSPICIOUS_MOVE = YES;
				CLANG_WARN_UNGUARDED_AVAILABILITY = YES_AGGRESSIVE;
				CLANG_WARN_UNREACHABLE_CODE = YES;
				CLANG_WARN__DUPLICATE_METHOD_MATCH = YES;
				COPY_PHASE_STRIP = NO;
				DEBUG_INFORMATION_FORMAT = dwarf;
				ENABLE_STRICT_OBJC_MSGSEND = YES;
				ENABLE_TESTABILITY = YES;
				ENABLE_USER_SCRIPT_SANDBOXING = YES;
				GCC_C_LANGUAGE_STANDARD = gnu17;
				GCC_DYNAMIC_NO_PIC = NO;
				GCC_NO_COMMON_BLOCKS = YES;
				GCC_OPTIMIZATION_LEVEL = 0;
				GCC_PREPROCESSOR_DEFINITIONS = (
					"DEBUG=1",
					"$(inherited)",
				);
				GCC_WARN_64_TO_32_BIT_CONVERSION = YES;
				GCC_WARN_ABOUT_RETURN_TYPE = YES_ERROR;
				GCC_WARN_UNDECLARED_SELECTOR = YES;
				GCC_WARN_UNINITIALIZED_AUTOS = YES_AGGRESSIVE;
				GCC_WARN_UNUSED_FUNCTION = YES;
				GCC_WARN_UNUSED_VARIABLE = YES;
				IPHONEOS_DEPLOYMENT_TARGET = 12.0;
				LOCALIZATION_PREFERS_STRING_CATALOGS = YES;
				MTL_ENABLE_DEBUG_INFO = INCLUDE_SOURCE;
				MTL_FAST_MATH = YES;
				ONLY_ACTIVE_ARCH = YES;
				SDKROOT = iphoneos;
			};
			name = Debug;
		};
		479FCE6D2B439E060012C3EB /* Release */ = {
			isa = XCBuildConfiguration;
			buildSettings = {
				ALWAYS_SEARCH_USER_PATHS = NO;
				ASSETCATALOG_COMPILER_GENERATE_SWIFT_ASSET_SYMBOL_EXTENSIONS = YES;
				CLANG_ANALYZER_NONNULL = YES;
				CLANG_ANALYZER_NUMBER_OBJECT_CONVERSION = YES_AGGRESSIVE;
				CLANG_CXX_LANGUAGE_STANDARD = "gnu++20";
				CLANG_ENABLE_MODULES = YES;
				CLANG_ENABLE_OBJC_ARC = YES;
				CLANG_ENABLE_OBJC_WEAK = YES;
				CLANG_WARN_BLOCK_CAPTURE_AUTORELEASING = YES;
				CLANG_WARN_BOOL_CONVERSION = YES;
				CLANG_WARN_COMMA = YES;
				CLANG_WARN_CONSTANT_CONVERSION = YES;
				CLANG_WARN_DEPRECATED_OBJC_IMPLEMENTATIONS = YES;
				CLANG_WARN_DIRECT_OBJC_ISA_USAGE = YES_ERROR;
				CLANG_WARN_DOCUMENTATION_COMMENTS = YES;
				CLANG_WARN_EMPTY_BODY = YES;
				CLANG_WARN_ENUM_CONVERSION = YES;
				CLANG_WARN_INFINITE_RECURSION = YES;
				CLANG_WARN_INT_CONVERSION = YES;
				CLANG_WARN_NON_LITERAL_NULL_CONVERSION = YES;
				CLANG_WARN_OBJC_IMPLICIT_RETAIN_SELF = YES;
				CLANG_WARN_OBJC_LITERAL_CONVERSION = YES;
				CLANG_WARN_OBJC_ROOT_CLASS = YES_ERROR;
				CLANG_WARN_QUOTED_INCLUDE_IN_FRAMEWORK_HEADER = YES;
				CLANG_WARN_RANGE_LOOP_ANALYSIS = YES;
				CLANG_WARN_STRICT_PROTOTYPES = YES;
				CLANG_WARN_SUSPICIOUS_MOVE = YES;
				CLANG_WARN_UNGUARDED_AVAILABILITY = YES_AGGRESSIVE;
				CLANG_WARN_UNREACHABLE_CODE = YES;
				CLANG_WARN__DUPLICATE_METHOD_MATCH = YES;
				COPY_PHASE_STRIP = NO;
				DEBUG_INFORMATION_FORMAT = "dwarf-with-dsym";
				ENABLE_NS_ASSERTIONS = NO;
				ENABLE_STRICT_OBJC_MSGSEND = YES;
				ENABLE_USER_SCRIPT_SANDBOXING = YES;
				GCC_C_LANGUAGE_STANDARD = gnu17;
				GCC_NO_COMMON_BLOCKS = YES;
				GCC_WARN_64_TO_32_BIT_CONVERSION = YES;
				GCC_WARN_ABOUT_RETURN_TYPE = YES_ERROR;
				GCC_WARN_UNDECLARED_SELECTOR = YES;
				GCC_WARN_UNINITIALIZED_AUTOS = YES_AGGRESSIVE;
				GCC_WARN_UNUSED_FUNCTION = YES;
				GCC_WARN_UNUSED_VARIABLE = YES;
				IPHONEOS_DEPLOYMENT_TARGET = 12.0;
				LOCALIZATION_PREFERS_STRING_CATALOGS = YES;
				MTL_ENABLE_DEBUG_INFO = NO;
				MTL_FAST_MATH = YES;
				SDKROOT = iphoneos;
				VALIDATE_PRODUCT = YES;
			};
			name = Release;
		};
		479FCE6F2B439E060012C3EB /* Debug */ = {
			isa = XCBuildConfiguration;
			baseConfigurationReference = A899DCBB9422C65BEE39C885 /* Pods-RXSDKDemo-Public.debug.xcconfig */;
			buildSettings = {
				ASSETCATALOG_COMPILER_APPICON_NAME = AppIcon;
				ASSETCATALOG_COMPILER_GLOBAL_ACCENT_COLOR_NAME = AccentColor;
				ASSETCATALOG_COMPILER_INCLUDE_ALL_APPICON_ASSETS = YES;
				CODE_SIGN_ENTITLEMENTS = "RXSDKDemo-Public/RXSDKDemo-Public.entitlements";
				CODE_SIGN_IDENTITY = "Apple Development";
				CODE_SIGN_STYLE = Automatic;
				CURRENT_PROJECT_VERSION = 9;
				DEVELOPMENT_TEAM = 9A5NGSRMH4;
				ENABLE_USER_SCRIPT_SANDBOXING = NO;
				FRAMEWORK_SEARCH_PATHS = (
					"$(inherited)",
					"$(PROJECT_DIR)/lipo",
				);
				GENERATE_INFOPLIST_FILE = YES;
				INFOPLIST_FILE = "RXSDKDemo-Public/Info.plist";
				INFOPLIST_KEY_CFBundleDisplayName = "RX Show";
				INFOPLIST_KEY_NSPhotoLibraryUsageDescription = "需要访问相册权限用于获取替换的背景图片";
				INFOPLIST_KEY_NSUserTrackingUsageDescription = "此标识符将用于向您推荐个性化广告";
				INFOPLIST_KEY_UIApplicationSupportsIndirectInputEvents = YES;
				INFOPLIST_KEY_UILaunchStoryboardName = LaunchScreen;
				INFOPLIST_KEY_UIMainStoryboardFile = Main;
				INFOPLIST_KEY_UISupportedInterfaceOrientations_iPad = "UIInterfaceOrientationPortrait UIInterfaceOrientationPortraitUpsideDown UIInterfaceOrientationLandscapeLeft UIInterfaceOrientationLandscapeRight";
				INFOPLIST_KEY_UISupportedInterfaceOrientations_iPhone = "UIInterfaceOrientationPortrait UIInterfaceOrientationLandscapeLeft UIInterfaceOrientationLandscapeRight";
				IPHONEOS_DEPLOYMENT_TARGET = 12.0;
				LD_RUNPATH_SEARCH_PATHS = (
					"$(inherited)",
					"@executable_path/Frameworks",
				);
				MARKETING_VERSION = 1.0.4;
				PRODUCT_BUNDLE_IDENTIFIER = com.ruixue.sdkpublic;
				PRODUCT_NAME = "$(TARGET_NAME)";
				PROVISIONING_PROFILE_SPECIFIER = "";
				SUPPORTED_PLATFORMS = "iphoneos iphonesimulator";
				SUPPORTS_MACCATALYST = NO;
				SUPPORTS_MAC_DESIGNED_FOR_IPHONE_IPAD = NO;
				SUPPORTS_XR_DESIGNED_FOR_IPHONE_IPAD = NO;
				SWIFT_EMIT_LOC_STRINGS = YES;
				TARGETED_DEVICE_FAMILY = 1;
			};
			name = Debug;
		};
		479FCE702B439E060012C3EB /* Release */ = {
			isa = XCBuildConfiguration;
			baseConfigurationReference = D8D6ABE0F8F4A0BEA0D4B7F5 /* Pods-RXSDKDemo-Public.release.xcconfig */;
			buildSettings = {
				ASSETCATALOG_COMPILER_APPICON_NAME = AppIcon;
				ASSETCATALOG_COMPILER_GLOBAL_ACCENT_COLOR_NAME = AccentColor;
				ASSETCATALOG_COMPILER_INCLUDE_ALL_APPICON_ASSETS = YES;
				CODE_SIGN_ENTITLEMENTS = "RXSDKDemo-Public/RXSDKDemo-Public.entitlements";
				CODE_SIGN_IDENTITY = "Apple Development";
				CODE_SIGN_STYLE = Automatic;
				CURRENT_PROJECT_VERSION = 9;
				DEVELOPMENT_TEAM = 9A5NGSRMH4;
				ENABLE_USER_SCRIPT_SANDBOXING = NO;
				FRAMEWORK_SEARCH_PATHS = (
					"$(inherited)",
					"$(PROJECT_DIR)/lipo",
				);
				GENERATE_INFOPLIST_FILE = YES;
				INFOPLIST_FILE = "RXSDKDemo-Public/Info.plist";
				INFOPLIST_KEY_CFBundleDisplayName = "RX Show";
				INFOPLIST_KEY_NSPhotoLibraryUsageDescription = "需要访问相册权限用于获取替换的背景图片";
				INFOPLIST_KEY_NSUserTrackingUsageDescription = "此标识符将用于向您推荐个性化广告";
				INFOPLIST_KEY_UIApplicationSupportsIndirectInputEvents = YES;
				INFOPLIST_KEY_UILaunchStoryboardName = LaunchScreen;
				INFOPLIST_KEY_UIMainStoryboardFile = Main;
				INFOPLIST_KEY_UISupportedInterfaceOrientations_iPad = "UIInterfaceOrientationPortrait UIInterfaceOrientationPortraitUpsideDown UIInterfaceOrientationLandscapeLeft UIInterfaceOrientationLandscapeRight";
				INFOPLIST_KEY_UISupportedInterfaceOrientations_iPhone = "UIInterfaceOrientationPortrait UIInterfaceOrientationLandscapeLeft UIInterfaceOrientationLandscapeRight";
				IPHONEOS_DEPLOYMENT_TARGET = 12.0;
				LD_RUNPATH_SEARCH_PATHS = (
					"$(inherited)",
					"@executable_path/Frameworks",
				);
				MARKETING_VERSION = 1.0.4;
				PRODUCT_BUNDLE_IDENTIFIER = com.ruixue.sdkpublic;
				PRODUCT_NAME = "$(TARGET_NAME)";
				PROVISIONING_PROFILE_SPECIFIER = "";
				SUPPORTED_PLATFORMS = "iphoneos iphonesimulator";
				SUPPORTS_MACCATALYST = NO;
				SUPPORTS_MAC_DESIGNED_FOR_IPHONE_IPAD = NO;
				SUPPORTS_XR_DESIGNED_FOR_IPHONE_IPAD = NO;
				SWIFT_EMIT_LOC_STRINGS = YES;
				TARGETED_DEVICE_FAMILY = 1;
			};
			name = Release;
		};
		479FCE722B439E060012C3EB /* Debug */ = {
			isa = XCBuildConfiguration;
			buildSettings = {
				BUNDLE_LOADER = "$(TEST_HOST)";
				CODE_SIGN_STYLE = Automatic;
				CURRENT_PROJECT_VERSION = 1;
				DEVELOPMENT_TEAM = 9A5NGSRMH4;
				GENERATE_INFOPLIST_FILE = YES;
				IPHONEOS_DEPLOYMENT_TARGET = 17.2;
				MARKETING_VERSION = 1.0;
				PRODUCT_BUNDLE_IDENTIFIER = "com.RXSDKDemo-PublicTests";
				PRODUCT_NAME = "$(TARGET_NAME)";
				SWIFT_EMIT_LOC_STRINGS = NO;
				TARGETED_DEVICE_FAMILY = "1,2";
				TEST_HOST = "$(BUILT_PRODUCTS_DIR)/RXSDKDemo-Public.app/$(BUNDLE_EXECUTABLE_FOLDER_PATH)/RXSDKDemo-Public";
			};
			name = Debug;
		};
		479FCE732B439E060012C3EB /* Release */ = {
			isa = XCBuildConfiguration;
			buildSettings = {
				BUNDLE_LOADER = "$(TEST_HOST)";
				CODE_SIGN_STYLE = Automatic;
				CURRENT_PROJECT_VERSION = 1;
				DEVELOPMENT_TEAM = 9A5NGSRMH4;
				GENERATE_INFOPLIST_FILE = YES;
				IPHONEOS_DEPLOYMENT_TARGET = 17.2;
				MARKETING_VERSION = 1.0;
				PRODUCT_BUNDLE_IDENTIFIER = "com.RXSDKDemo-PublicTests";
				PRODUCT_NAME = "$(TARGET_NAME)";
				SWIFT_EMIT_LOC_STRINGS = NO;
				TARGETED_DEVICE_FAMILY = "1,2";
				TEST_HOST = "$(BUILT_PRODUCTS_DIR)/RXSDKDemo-Public.app/$(BUNDLE_EXECUTABLE_FOLDER_PATH)/RXSDKDemo-Public";
			};
			name = Release;
		};
		479FCE752B439E060012C3EB /* Debug */ = {
			isa = XCBuildConfiguration;
			buildSettings = {
				CODE_SIGN_STYLE = Automatic;
				CURRENT_PROJECT_VERSION = 1;
				DEVELOPMENT_TEAM = 9A5NGSRMH4;
				GENERATE_INFOPLIST_FILE = YES;
				MARKETING_VERSION = 1.0;
				PRODUCT_BUNDLE_IDENTIFIER = "com.RXSDKDemo-PublicUITests";
				PRODUCT_NAME = "$(TARGET_NAME)";
				SWIFT_EMIT_LOC_STRINGS = NO;
				TARGETED_DEVICE_FAMILY = "1,2";
				TEST_TARGET_NAME = "RXSDKDemo-Public";
			};
			name = Debug;
		};
		479FCE762B439E060012C3EB /* Release */ = {
			isa = XCBuildConfiguration;
			buildSettings = {
				CODE_SIGN_STYLE = Automatic;
				CURRENT_PROJECT_VERSION = 1;
				DEVELOPMENT_TEAM = 9A5NGSRMH4;
				GENERATE_INFOPLIST_FILE = YES;
				MARKETING_VERSION = 1.0;
				PRODUCT_BUNDLE_IDENTIFIER = "com.RXSDKDemo-PublicUITests";
				PRODUCT_NAME = "$(TARGET_NAME)";
				SWIFT_EMIT_LOC_STRINGS = NO;
				TARGETED_DEVICE_FAMILY = "1,2";
				TEST_TARGET_NAME = "RXSDKDemo-Public";
			};
			name = Release;
		};
/* End XCBuildConfiguration section */

/* Begin XCConfigurationList section */
		479FCE3A2B439E020012C3EB /* Build configuration list for PBXProject "RXSDKDemo-Public" */ = {
			isa = XCConfigurationList;
			buildConfigurations = (
				479FCE6C2B439E060012C3EB /* Debug */,
				479FCE6D2B439E060012C3EB /* Release */,
			);
			defaultConfigurationIsVisible = 0;
			defaultConfigurationName = Release;
		};
		479FCE6E2B439E060012C3EB /* Build configuration list for PBXNativeTarget "RXSDKDemo-Public" */ = {
			isa = XCConfigurationList;
			buildConfigurations = (
				479FCE6F2B439E060012C3EB /* Debug */,
				479FCE702B439E060012C3EB /* Release */,
			);
			defaultConfigurationIsVisible = 0;
			defaultConfigurationName = Release;
		};
		479FCE712B439E060012C3EB /* Build configuration list for PBXNativeTarget "RXSDKDemo-PublicTests" */ = {
			isa = XCConfigurationList;
			buildConfigurations = (
				479FCE722B439E060012C3EB /* Debug */,
				479FCE732B439E060012C3EB /* Release */,
			);
			defaultConfigurationIsVisible = 0;
			defaultConfigurationName = Release;
		};
		479FCE742B439E060012C3EB /* Build configuration list for PBXNativeTarget "RXSDKDemo-PublicUITests" */ = {
			isa = XCConfigurationList;
			buildConfigurations = (
				479FCE752B439E060012C3EB /* Debug */,
				479FCE762B439E060012C3EB /* Release */,
			);
			defaultConfigurationIsVisible = 0;
			defaultConfigurationName = Release;
		};
/* End XCConfigurationList section */
	};
	rootObject = 479FCE372B439E020012C3EB /* Project object */;
}
