PODS:
  - AppAuth (1.7.6):
    - AppAuth/Core (= 1.7.6)
    - AppAuth/ExternalUserAgent (= 1.7.6)
  - AppAuth/Core (1.7.6)
  - AppAuth/ExternalUserAgent (1.7.6):
    - AppAuth/Core
  - Bolts (1.9.1):
    - Bolts/AppLinks (= 1.9.1)
    - Bolts/Tasks (= 1.9.1)
  - Bolts/AppLinks (1.9.1):
    - Bolts/Tasks
  - Bolts/Tasks (1.9.1)
  - BRPickerView (2.8.5):
    - BRPickerView/AddressPickerView (= 2.8.5)
    - BRPickerView/Base (= 2.8.5)
    - BRPickerView/DatePickerView (= 2.8.5)
    - BRPickerView/StringPickerView (= 2.8.5)
  - BRPickerView/AddressPickerView (2.8.5):
    - BRPickerView/Base
  - BRPickerView/Base (2.8.5)
  - BRPickerView/DatePickerView (2.8.5):
    - BRPickerView/Base
  - BRPickerView/StringPickerView (2.8.5):
    - BRPickerView/Base
  - FBAEMKit (18.0.1):
    - FBSDKCoreKit_Basics (= 18.0.1)
  - FBSDKCoreKit (18.0.1):
    - FBAEMKit (= 18.0.1)
    - FBSDKCoreKit_Basics (= 18.0.1)
  - FBSDKCoreKit_Basics (18.0.1)
  - FBSDKLoginKit (18.0.1):
    - FBSDKCoreKit (= 18.0.1)
  - FBSDKShareKit (18.0.1):
    - FBSDKCoreKit (= 18.0.1)
  - GoogleSignIn (7.1.0):
    - AppAuth (< 2.0, >= 1.7.3)
    - GTMAppAuth (< 5.0, >= 4.1.1)
    - GTMSessionFetcher/Core (~> 3.3)
  - GTMAppAuth (4.1.1):
    - AppAuth/Core (~> 1.7)
    - GTMSessionFetcher/Core (< 4.0, >= 3.3)
  - GTMSessionFetcher/Core (3.5.0)
  - MBProgressHUD (1.2.0)
  - RXAuthLoginKit (1.0.7)
  - RXAuthSDK_official (1.0.6)
  - RXFacebookSDK (3.8.1):
    - FBSDKLoginKit
    - FBSDKShareKit
    - RXSDK_Pure
  - RXGoogleSDK (3.8.0):
    - GoogleSignIn (= 7.1.0)
    - RXSDK_Pure
  - RXInstagramSDK (3.8.0):
    - RXSDK_Pure
  - RXLanguageKit (1.1.6)
  - RXLineSDK (3.8.1):
    - RXLineSDK_official
    - RXSDK_Pure
  - RXLineSDK_official (1.0.0)
  - RXOSUIKit (3.8.0):
    - RXFacebookSDK
    - RXLanguageKit
    - RXSDK_Pure
  - RXPublicToolKit (1.1.2)
  - RXPushSDK (3.8.1):
    - RXSDK_Pure
  - RXRedditSDK (1.0.5):
    - RXPublicToolKit
    - RXSDK_Pure
  - RXSDK_Pure (3.8.1):
    - RXLanguageKit
  - RXSnapChatSDK (3.8.0):
    - RXPublicToolKit
    - RXSDK_Pure
    - SnapSDK (= 2.5.0)
  - RXTikTokSDK (1.0.7):
    - RXPublicToolKit
    - RXSDK_Pure
    - TikTokOpenAuthSDK
    - TikTokOpenSDKCore
    - TikTokOpenShareSDK
  - RXUIKit (3.8.1):
    - RXAuthSDK_official
    - RXSDK_Pure
    - RXWXSDK
  - RXWXSDK (3.8.1):
    - RXSDK_Pure
    - WechatOpenSDK (= 2.0.4)
  - RXZaloSDK (3.8.0):
    - RXSDK_Pure
    - ZaloSDK
  - SDAutoLayout (2.2.1)
  - SnapSDK (2.5.0):
    - SnapSDK/SCSDKCoreKit (= 2.5.0)
    - SnapSDK/SCSDKCreativeKit (= 2.5.0)
    - SnapSDK/SCSDKLoginKit (= 2.5.0)
  - SnapSDK/SCSDKCoreKit (2.5.0)
  - SnapSDK/SCSDKCreativeKit (2.5.0):
    - SnapSDK/SCSDKCoreKit
  - SnapSDK/SCSDKLoginKit (2.5.0):
    - SnapSDK/SCSDKCoreKit
  - TikTokOpenAuthSDK (2.5.0):
    - TikTokOpenAuthSDK/Auth (= 2.5.0)
    - TikTokOpenSDKCore (= 2.5.0)
  - TikTokOpenAuthSDK/Auth (2.5.0):
    - TikTokOpenSDKCore (= 2.5.0)
  - TikTokOpenSDKCore (2.5.0):
    - TikTokOpenSDKCore/Core (= 2.5.0)
  - TikTokOpenSDKCore/Core (2.5.0)
  - TikTokOpenShareSDK (2.5.0):
    - TikTokOpenSDKCore (= 2.5.0)
    - TikTokOpenShareSDK/Share (= 2.5.0)
  - TikTokOpenShareSDK/Share (2.5.0):
    - TikTokOpenSDKCore (= 2.5.0)
  - Toast (4.1.1)
  - WechatOpenSDK (2.0.4)
  - ZaloSDK (4.1.0120):
    - ZaloSDK/Core (= 4.1.0120)
    - ZaloSDK/Main (= 4.1.0120)
  - ZaloSDK/Core (4.1.0120)
  - ZaloSDK/Main (4.1.0120):
    - ZaloSDK/Core

DEPENDENCIES:
  - Bolts
  - BRPickerView (= 2.8.5)
  - MBProgressHUD
  - RXAuthLoginKit
  - RXFacebookSDK
  - RXGoogleSDK
  - RXInstagramSDK
  - RXLanguageKit
  - RXLineSDK
  - RXOSUIKit
  - RXPushSDK
  - RXRedditSDK
  - RXSnapChatSDK
  - RXTikTokSDK
  - RXUIKit
  - RXWXSDK
  - RXZaloSDK
  - SDAutoLayout
  - Toast

SPEC REPOS:
  https://github.com/CocoaPods/Specs.git:
    - AppAuth
    - Bolts
    - BRPickerView
    - FBAEMKit
    - FBSDKCoreKit
    - FBSDKCoreKit_Basics
    - FBSDKLoginKit
    - FBSDKShareKit
    - GoogleSignIn
    - GTMAppAuth
    - GTMSessionFetcher
    - MBProgressHUD
    - RXAuthLoginKit
    - RXAuthSDK_official
    - RXFacebookSDK
    - RXGoogleSDK
    - RXInstagramSDK
    - RXLanguageKit
    - RXLineSDK
    - RXLineSDK_official
    - RXOSUIKit
    - RXPublicToolKit
    - RXPushSDK
    - RXRedditSDK
    - RXSDK_Pure
    - RXSnapChatSDK
    - RXTikTokSDK
    - RXUIKit
    - RXWXSDK
    - RXZaloSDK
    - SDAutoLayout
    - SnapSDK
    - TikTokOpenAuthSDK
    - TikTokOpenSDKCore
    - TikTokOpenShareSDK
    - Toast
    - WechatOpenSDK
    - ZaloSDK

SPEC CHECKSUMS:
  AppAuth: d4f13a8fe0baf391b2108511793e4b479691fb73
  Bolts: 8c1e8aab2f603387b8b9924f57d1d64f43d3ffdc
  BRPickerView: ed3db5376cdfa789eb2b3e815ae347bd5eb0f420
  FBAEMKit: b2ed182002dbcb65d5a60059c9693d322186cd00
  FBSDKCoreKit: 7f96852f2539bdb88ba8d47e5ab4ae70a6f8d691
  FBSDKCoreKit_Basics: 22d4c1a509ded4e45116f3bb167a14907550f62e
  FBSDKLoginKit: f48c06446995cd209332831f692cea28b26e51da
  FBSDKShareKit: d3fef7f6690e173369134beb5f43983d7338e933
  GoogleSignIn: d4281ab6cf21542b1cfaff85c191f230b399d2db
  GTMAppAuth: f69bd07d68cd3b766125f7e072c45d7340dea0de
  GTMSessionFetcher: 5aea5ba6bd522a239e236100971f10cb71b96ab6
  MBProgressHUD: 3ee5efcc380f6a79a7cc9b363dd669c5e1ae7406
  RXAuthLoginKit: dd7f7af0282364928f2e1b6723c9df52f89d97b7
  RXAuthSDK_official: 93cad8b6f0413fb628cc0158f82bf251a3ee1fa3
  RXFacebookSDK: 2d44d8a2fd161a839c95c9d3c10ef2dcd6a7b9df
  RXGoogleSDK: 6010484272a4d293355b240af0a11d3c22b74b09
  RXInstagramSDK: 28546b51701bc816ddee71f48e4f18aa797cd602
  RXLanguageKit: 7a73c0bab62913c8a9f5c01723feb92f0a09ebc7
  RXLineSDK: 9c453624f610d8d601b0b54b4a23248a68557e52
  RXLineSDK_official: 7dfcd4f9adec4f1dc876a490cf22707ab881e242
  RXOSUIKit: 1a1f46a8ffef7b2d81dec0da3f1b39b369633dbf
  RXPublicToolKit: add133c04002928023985c1e1d06c9c0b2a9ecf7
  RXPushSDK: 35c40a598ae9e2b73b68a5337812b3a652448af9
  RXRedditSDK: 3d19ba6f1d7348e6a8cc94fc7f1618f4820c0a2b
  RXSDK_Pure: 854f0e06bb2d0fc9b3a5af24c203142589d2f3a9
  RXSnapChatSDK: 287a89e73f5424ca3431e6764112858bcfa6084b
  RXTikTokSDK: e3e9e04ea4d8bb45d1b417f1f91e7c6d79e7a304
  RXUIKit: 922763b89292be998010900ab6c20aa0648cfafc
  RXWXSDK: 84c5fd3b7d9b566b44a3af57631148ff936d50b2
  RXZaloSDK: 961ce4db4fc4106655b6f7489de235139d816da1
  SDAutoLayout: 8bf6b3bbc8b01f775d4defbb4fda2ace805461be
  SnapSDK: 7f9cff455207306ba63588026cbf7ed1a1a505c2
  TikTokOpenAuthSDK: 35d99f5778b9635ab983bb25c4acf6ccad4404a9
  TikTokOpenSDKCore: e6f34e48bd6e85e4d94f9c04782c13d5defafb55
  TikTokOpenShareSDK: a7da017bc66c28d0aefea9342c0cfcc7e52ea2b7
  Toast: 1f5ea13423a1e6674c4abdac5be53587ae481c4e
  WechatOpenSDK: 290989072e87b79d52225a01bb4e5e58f6f88593
  ZaloSDK: 233c5cb5247bd6891f4a7d2d9505f6a2b9aa38c6

PODFILE CHECKSUM: 33cd6837b5469013aeb05e5677a5e35867a687de

COCOAPODS: 1.16.2
